
Microsoft Visual Studio Solution File, Format Version 12.00
# Visual Studio Version 17
VisualStudioVersion = 17.10.34707.107
MinimumVisualStudioVersion = 10.0.40219.1
Project("{2150E333-8FDC-42A3-9474-1A3956D46DE8}") = "Source", "Source", "{CC95C801-0D3B-4583-B53B-D719FCD2D9E4}"
EndProject
Project("{9A19103F-16F7-4668-BE54-9A1E7A4F7556}") = "QuanLySinhVien", "QuanLySinhVien\QuanLySinhVien.csproj", "{FB8C28CA-90C8-48DC-9F22-92DC73035E45}"
EndProject
Project("{9A19103F-16F7-4668-BE54-9A1E7A4F7556}") = "QuanLySinhVien.Desktop", "QuanLySinhVien.Desktop\QuanLySinhVien.Desktop.csproj", "{D1E69A16-4EFE-42AA-A6F2-EF1E3538090C}"
EndProject
Global
	GlobalSection(SolutionConfigurationPlatforms) = preSolution
		Debug|Any CPU = Debug|Any CPU
		Release|Any CPU = Release|Any CPU
	EndGlobalSection
	GlobalSection(ProjectConfigurationPlatforms) = postSolution
		{FB8C28CA-90C8-48DC-9F22-92DC73035E45}.Debug|Any CPU.ActiveCfg = Debug|Any CPU
		{FB8C28CA-90C8-48DC-9F22-92DC73035E45}.Debug|Any CPU.Build.0 = Debug|Any CPU
		{FB8C28CA-90C8-48DC-9F22-92DC73035E45}.Release|Any CPU.ActiveCfg = Release|Any CPU
		{FB8C28CA-90C8-48DC-9F22-92DC73035E45}.Release|Any CPU.Build.0 = Release|Any CPU
		{D1E69A16-4EFE-42AA-A6F2-EF1E3538090C}.Debug|Any CPU.ActiveCfg = Debug|Any CPU
		{D1E69A16-4EFE-42AA-A6F2-EF1E3538090C}.Debug|Any CPU.Build.0 = Debug|Any CPU
		{D1E69A16-4EFE-42AA-A6F2-EF1E3538090C}.Release|Any CPU.ActiveCfg = Release|Any CPU
		{D1E69A16-4EFE-42AA-A6F2-EF1E3538090C}.Release|Any CPU.Build.0 = Release|Any CPU
	EndGlobalSection
	GlobalSection(SolutionProperties) = preSolution
		HideSolutionNode = FALSE
	EndGlobalSection
	GlobalSection(NestedProjects) = preSolution
		{FB8C28CA-90C8-48DC-9F22-92DC73035E45} = {CC95C801-0D3B-4583-B53B-D719FCD2D9E4}
		{D1E69A16-4EFE-42AA-A6F2-EF1E3538090C} = {CC95C801-0D3B-4583-B53B-D719FCD2D9E4}
	EndGlobalSection
	GlobalSection(ExtensibilityGlobals) = postSolution
		SolutionGuid = {5B385BF6-2A37-4F4A-BCB2-14C0F2542E93}
	EndGlobalSection
EndGlobal
